
Microsoft Visual Studio Solution File, Format Version 12.00
# Visual Studio Version 16
VisualStudioVersion = 16.0.29827.131
MinimumVisualStudioVersion = 10.0.40219.1
Project("{2150E333-8FDC-42A3-9474-1A3956D46DE8}") = "01 Clients", "01 Clients", "{5535F269-D35D-4A2D-B74A-5F42F9F9B911}"
EndProject
Project("{2150E333-8FDC-42A3-9474-1A3956D46DE8}") = "02 APIs", "02 APIs", "{D3E8323E-EE27-4B83-8D44-1E85A30CC155}"
EndProject
Project("{2150E333-8FDC-42A3-9474-1A3956D46DE8}") = "03 Facades", "03 Facades", "{A308D643-D218-4F98-A0D7-0C8B37775ABA}"
EndProject
Project("{9A19103F-16F7-4668-BE54-9A1E7A4F7556}") = "Capgemini.SimplifiedYouTube.Clients.ReactApp", "01 Clients\Capgemini.SimplifiedYouTube.Clients.ReactApp\Capgemini.SimplifiedYouTube.Clients.ReactApp.csproj", "{6EADB1F3-55B8-459C-851C-981F0DED7E2E}"
EndProject
Project("{2150E333-8FDC-42A3-9474-1A3956D46DE8}") = "04 gRPCServices", "04 gRPCServices", "{CDFA90BD-DBD3-41FB-8377-82BB51E9BAC1}"
EndProject
Project("{2150E333-8FDC-42A3-9474-1A3956D46DE8}") = "05 Core", "05 Core", "{A018B612-FAA4-4D86-9856-C5FB2D15B36D}"
EndProject
Project("{2150E333-8FDC-42A3-9474-1A3956D46DE8}") = "06 Services", "06 Services", "{DACEE882-5CF7-4A11-8CBE-4A463DE9535B}"
EndProject
Project("{2150E333-8FDC-42A3-9474-1A3956D46DE8}") = "07 Repositories", "07 Repositories", "{D3EAF098-0AAB-47B8-BDF6-4829FB48338C}"
EndProject
Project("{2150E333-8FDC-42A3-9474-1A3956D46DE8}") = "08 Contexts", "08 Contexts", "{F6325EBD-C5ED-4861-A7CE-35A269352AA5}"
EndProject
Project("{2150E333-8FDC-42A3-9474-1A3956D46DE8}") = "09 Databases", "09 Databases", "{B73BE021-D472-4738-931F-5B480765E0C2}"
EndProject
Project("{2150E333-8FDC-42A3-9474-1A3956D46DE8}") = "10 Common", "10 Common", "{98B6EAE5-6954-4526-BEBB-FCEF47889035}"
EndProject
Project("{9A19103F-16F7-4668-BE54-9A1E7A4F7556}") = "Capgemini.SimplifiedYouTube.APIs.Videos", "02 APIs\Capgemini.SimplifiedYouTube.APIs.Videos\Capgemini.SimplifiedYouTube.APIs.Videos.csproj", "{6BE0AE15-70C1-4A78-90C2-3739E389E33A}"
EndProject
Project("{9A19103F-16F7-4668-BE54-9A1E7A4F7556}") = "Capgemini.SimplifiedYouTube.APIs.IdentityServer4", "02 APIs\Capgemini.SimplifiedYouTube.APIs.IdentityServer4\Capgemini.SimplifiedYouTube.APIs.IdentityServer4.csproj", "{0EA20340-DDBF-402B-B1B1-CAF5B014AA09}"
EndProject
Project("{9A19103F-16F7-4668-BE54-9A1E7A4F7556}") = "Capgemini.SimplifiedYouTube.Facades.Videos", "03 Facades\Capgemini.SimplifiedYouTube.Facades.Videos\Capgemini.SimplifiedYouTube.Facades.Videos.csproj", "{A9F8A0FF-FBE3-448E-B823-960B6BAFE3E3}"
EndProject
Project("{9A19103F-16F7-4668-BE54-9A1E7A4F7556}") = "Capgemini.SimplifiedYouTube.Facades.IVideos", "03 Facades\Capgemini.SimplifiedYouTube.Facades.IVideos\Capgemini.SimplifiedYouTube.Facades.IVideos.csproj", "{1D8F535A-A950-4BDF-A012-BCEC7AED5ABA}"
EndProject
Project("{9A19103F-16F7-4668-BE54-9A1E7A4F7556}") = "Capgemini.SimplifiedYouTube.Facades.IdentityServer4", "03 Facades\Capgemini.SimplifiedYouTube.Facades.IdentityServer4\Capgemini.SimplifiedYouTube.Facades.IdentityServer4.csproj", "{398C2F37-EB14-45CE-B910-BBAEE165F64C}"
EndProject
Project("{9A19103F-16F7-4668-BE54-9A1E7A4F7556}") = "Capgemini.SimplifiedYouTube.Facades.IIdentityServer4", "03 Facades\Capgemini.SimplifiedYouTube.Facades.IIdentityServer4\Capgemini.SimplifiedYouTube.Facades.IIdentityServer4.csproj", "{927AFC88-B4F4-4F19-8603-11AF06C80B0D}"
EndProject
Project("{9A19103F-16F7-4668-BE54-9A1E7A4F7556}") = "Capgemini.SimplifiedYouTube.gRPCService.IdentityServer4", "04 gRPCServices\Capgemini.SimplifiedYouTube.gRPCService.IdentityServer4\Capgemini.SimplifiedYouTube.gRPCService.IdentityServer4.csproj", "{EFEA9D53-6890-46DD-84C3-29260CA0FD21}"
EndProject
Project("{9A19103F-16F7-4668-BE54-9A1E7A4F7556}") = "Capgemini.SimplifiedYouTube.gRPCService.Videos", "04 gRPCServices\Capgemini.SimplifiedYouTube.gRPCService.Videos\Capgemini.SimplifiedYouTube.gRPCService.Videos.csproj", "{3166DA4A-A421-4DC6-BB12-38E5FF0995A8}"
EndProject
Project("{00D1A9C2-B5F0-4AF3-8072-F6C62B433612}") = "Capgemini.SimplifiedYouTube.Databases.Videos", "09 Databases\Capgemini.SimplifiedYouTube.Databases.Videos\Capgemini.SimplifiedYouTube.Databases.Videos.sqlproj", "{81F385D1-DDA3-439E-9E6F-34F7C13B712C}"
EndProject
Project("{00D1A9C2-B5F0-4AF3-8072-F6C62B433612}") = "Capgemini.SimplifiedYouTube.Databases.IdentityServer4", "09 Databases\Capgemini.SimplifiedYouTube.Databases.IdentityServer4\Capgemini.SimplifiedYouTube.Databases.IdentityServer4.sqlproj", "{A60BAE7B-AD83-42B4-AF3F-E69473917663}"
EndProject
Project("{9A19103F-16F7-4668-BE54-9A1E7A4F7556}") = "Capgemini.SimplifiedYouTube.Contexts.IdentityServer4", "08 Contexts\Capgemini.SimplifiedYouTube.Contexts.IdentityServer4\Capgemini.SimplifiedYouTube.Contexts.IdentityServer4.csproj", "{0EE77886-26E8-4803-A4F4-A9F8AE6612B6}"
EndProject
Project("{9A19103F-16F7-4668-BE54-9A1E7A4F7556}") = "Capgemini.SimplifiedYouTube.Contexts.Videos", "08 Contexts\Capgemini.SimplifiedYouTube.Contexts.Videos\Capgemini.SimplifiedYouTube.Contexts.Videos.csproj", "{D37B18C3-93A6-43BC-9F3E-114311E48023}"
EndProject
Project("{9A19103F-16F7-4668-BE54-9A1E7A4F7556}") = "Capgemini.SimplifiedYouTube.Repositories.Videos", "07 Repositories\Capgemini.SimplifiedYouTube.Repositories.Videos\Capgemini.SimplifiedYouTube.Repositories.Videos.csproj", "{DB357D4B-5714-423D-BB7F-99BA6A32F63F}"
EndProject
Project("{9A19103F-16F7-4668-BE54-9A1E7A4F7556}") = "Capgemini.SimplifiedYouTube.Repositories.IVideos", "07 Repositories\Capgemini.SimplifiedYouTube.Repositories.IVideos\Capgemini.SimplifiedYouTube.Repositories.IVideos.csproj", "{59AB8ADA-60C8-45A0-9E0B-367FBED171BC}"
EndProject
Project("{9A19103F-16F7-4668-BE54-9A1E7A4F7556}") = "Capgemini.SimplifiedYouTube.Repositories.IdentityServer4", "07 Repositories\Capgemini.SimplifiedYouTube.Repositories.IdentityServer4\Capgemini.SimplifiedYouTube.Repositories.IdentityServer4.csproj", "{1769DE31-8DB6-4C79-93E2-C4FBC5A9020D}"
EndProject
Project("{9A19103F-16F7-4668-BE54-9A1E7A4F7556}") = "Capgemini.SimplifiedYouTube.Repositories.IIdentityServer4", "07 Repositories\Capgemini.SimplifiedYouTube.Repositories.IIdentityServer4\Capgemini.SimplifiedYouTube.Repositories.IIdentityServer4.csproj", "{4B9DCAAA-E057-408A-9B28-056A443C04BA}"
EndProject
Project("{9A19103F-16F7-4668-BE54-9A1E7A4F7556}") = "Capgemini.SimplifiedYouTube.Services.IdentityServer4", "06 Services\Capgemini.SimplifiedYouTube.Services.IdentityServer4\Capgemini.SimplifiedYouTube.Services.IdentityServer4.csproj", "{761EB591-6B3A-4907-9A1C-EF5F6102B1D5}"
EndProject
Project("{9A19103F-16F7-4668-BE54-9A1E7A4F7556}") = "Capgemini.SimplifiedYouTube.Services.IIdentityServer4", "06 Services\Capgemini.SimplifiedYouTube.Services.IIdentityServer4\Capgemini.SimplifiedYouTube.Services.IIdentityServer4.csproj", "{4BEA4B42-5653-4BA5-A329-16BA75BFEDE1}"
EndProject
Project("{9A19103F-16F7-4668-BE54-9A1E7A4F7556}") = "Capgemini.SimplifiedYouTube.Services.IVideos", "06 Services\Capgemini.SimplifiedYouTube.Services.IVideos\Capgemini.SimplifiedYouTube.Services.IVideos.csproj", "{11E51913-A400-401E-899A-282CC6C5629D}"
EndProject
Project("{9A19103F-16F7-4668-BE54-9A1E7A4F7556}") = "Capgemini.SimplifiedYouTube.Services.Videos", "06 Services\Capgemini.SimplifiedYouTube.Services.Videos\Capgemini.SimplifiedYouTube.Services.Videos.csproj", "{6CA7325D-BDE1-4549-A387-AB065C22D1D4}"
EndProject
Project("{9A19103F-16F7-4668-BE54-9A1E7A4F7556}") = "Capgemini.SimplifiedYouTube.Core.Application.Videos", "05 Core\Capgemini.SimplifiedYouTube.Core.Application.Videos\Capgemini.SimplifiedYouTube.Core.Application.Videos.csproj", "{9E8E484B-ED53-420C-8576-D2EBC9FF80AC}"
EndProject
Project("{9A19103F-16F7-4668-BE54-9A1E7A4F7556}") = "Capgemini.SimplifiedYouTube.Core.Domain.IdentityServer4", "05 Core\Capgemini.SimplifiedYouTube.Core.Domain.IdentityServer4\Capgemini.SimplifiedYouTube.Core.Domain.IdentityServer4.csproj", "{0DB346E2-C4F9-49AD-A9F8-3AC140D3599B}"
EndProject
Project("{9A19103F-16F7-4668-BE54-9A1E7A4F7556}") = "Capgemini.SimplifiedYouTube.Core.Domain.Videos", "05 Core\Capgemini.SimplifiedYouTube.Core.Domain.Videos\Capgemini.SimplifiedYouTube.Core.Domain.Videos.csproj", "{8E0E1778-039B-474A-A5B0-867B16FBB095}"
EndProject
Project("{9A19103F-16F7-4668-BE54-9A1E7A4F7556}") = "Capgemini.SimplifiedYouTube.Core.Application.IdentityServer4", "05 Core\Capgemini.SimplifiedYouTube.Core.Application.IdentityServer4\Capgemini.SimplifiedYouTube.Core.Application.IdentityServer4.csproj", "{87CF4D46-0DAB-488E-B56D-0F30A92CEF65}"
EndProject
Project("{2150E333-8FDC-42A3-9474-1A3956D46DE8}") = "Mappers", "Mappers", "{1B4A87F1-1688-416D-BD98-D44AA3489D9C}"
EndProject
Project("{2150E333-8FDC-42A3-9474-1A3956D46DE8}") = "Utilities", "Utilities", "{88F6275D-6887-463B-8CF5-8A42DB03CCD2}"
EndProject
Project("{9A19103F-16F7-4668-BE54-9A1E7A4F7556}") = "Kaddis.Framework.Utilities.Mapper", "10 Common\Kaddis.Framework.Utilities.Mapper\Kaddis.Framework.Utilities.Mapper.csproj", "{925F47F1-98CD-42E1-93D1-7E4B2DD1251D}"
EndProject
Project("{9A19103F-16F7-4668-BE54-9A1E7A4F7556}") = "Kaddis.Framework.Utilities.Repository", "10 Common\Kaddis.Framework.Utilities.Repository\Kaddis.Framework.Utilities.Repository.csproj", "{04ABC49D-F06E-426F-B18F-61CEE366FBF1}"
EndProject
Project("{9A19103F-16F7-4668-BE54-9A1E7A4F7556}") = "Kaddis.Framework.Utilities.Service", "10 Common\Kaddis.Framework.Utilities.Service\Kaddis.Framework.Utilities.Service.csproj", "{D66EDA0B-1C6A-4667-8506-46951DDEDE0F}"
EndProject
Project("{9A19103F-16F7-4668-BE54-9A1E7A4F7556}") = "Kaddis.Framework.Utilities.UnitOfWork", "10 Common\Kaddis.Framework.Utilities.UnitOfWork\Kaddis.Framework.Utilities.UnitOfWork.csproj", "{D0C08BD6-A8FE-4FA4-869E-D0AEE10CEAC2}"
EndProject
Global
	GlobalSection(SolutionConfigurationPlatforms) = preSolution
		Debug|Any CPU = Debug|Any CPU
		Release|Any CPU = Release|Any CPU
	EndGlobalSection
	GlobalSection(ProjectConfigurationPlatforms) = postSolution
		{6EADB1F3-55B8-459C-851C-981F0DED7E2E}.Debug|Any CPU.ActiveCfg = Debug|Any CPU
		{6EADB1F3-55B8-459C-851C-981F0DED7E2E}.Debug|Any CPU.Build.0 = Debug|Any CPU
		{6EADB1F3-55B8-459C-851C-981F0DED7E2E}.Release|Any CPU.ActiveCfg = Release|Any CPU
		{6EADB1F3-55B8-459C-851C-981F0DED7E2E}.Release|Any CPU.Build.0 = Release|Any CPU
		{6BE0AE15-70C1-4A78-90C2-3739E389E33A}.Debug|Any CPU.ActiveCfg = Debug|Any CPU
		{6BE0AE15-70C1-4A78-90C2-3739E389E33A}.Debug|Any CPU.Build.0 = Debug|Any CPU
		{6BE0AE15-70C1-4A78-90C2-3739E389E33A}.Release|Any CPU.ActiveCfg = Release|Any CPU
		{6BE0AE15-70C1-4A78-90C2-3739E389E33A}.Release|Any CPU.Build.0 = Release|Any CPU
		{0EA20340-DDBF-402B-B1B1-CAF5B014AA09}.Debug|Any CPU.ActiveCfg = Debug|Any CPU
		{0EA20340-DDBF-402B-B1B1-CAF5B014AA09}.Debug|Any CPU.Build.0 = Debug|Any CPU
		{0EA20340-DDBF-402B-B1B1-CAF5B014AA09}.Release|Any CPU.ActiveCfg = Release|Any CPU
		{0EA20340-DDBF-402B-B1B1-CAF5B014AA09}.Release|Any CPU.Build.0 = Release|Any CPU
		{A9F8A0FF-FBE3-448E-B823-960B6BAFE3E3}.Debug|Any CPU.ActiveCfg = Debug|Any CPU
		{A9F8A0FF-FBE3-448E-B823-960B6BAFE3E3}.Debug|Any CPU.Build.0 = Debug|Any CPU
		{A9F8A0FF-FBE3-448E-B823-960B6BAFE3E3}.Release|Any CPU.ActiveCfg = Release|Any CPU
		{A9F8A0FF-FBE3-448E-B823-960B6BAFE3E3}.Release|Any CPU.Build.0 = Release|Any CPU
		{1D8F535A-A950-4BDF-A012-BCEC7AED5ABA}.Debug|Any CPU.ActiveCfg = Debug|Any CPU
		{1D8F535A-A950-4BDF-A012-BCEC7AED5ABA}.Debug|Any CPU.Build.0 = Debug|Any CPU
		{1D8F535A-A950-4BDF-A012-BCEC7AED5ABA}.Release|Any CPU.ActiveCfg = Release|Any CPU
		{1D8F535A-A950-4BDF-A012-BCEC7AED5ABA}.Release|Any CPU.Build.0 = Release|Any CPU
		{398C2F37-EB14-45CE-B910-BBAEE165F64C}.Debug|Any CPU.ActiveCfg = Debug|Any CPU
		{398C2F37-EB14-45CE-B910-BBAEE165F64C}.Debug|Any CPU.Build.0 = Debug|Any CPU
		{398C2F37-EB14-45CE-B910-BBAEE165F64C}.Release|Any CPU.ActiveCfg = Release|Any CPU
		{398C2F37-EB14-45CE-B910-BBAEE165F64C}.Release|Any CPU.Build.0 = Release|Any CPU
		{927AFC88-B4F4-4F19-8603-11AF06C80B0D}.Debug|Any CPU.ActiveCfg = Debug|Any CPU
		{927AFC88-B4F4-4F19-8603-11AF06C80B0D}.Debug|Any CPU.Build.0 = Debug|Any CPU
		{927AFC88-B4F4-4F19-8603-11AF06C80B0D}.Release|Any CPU.ActiveCfg = Release|Any CPU
		{927AFC88-B4F4-4F19-8603-11AF06C80B0D}.Release|Any CPU.Build.0 = Release|Any CPU
		{EFEA9D53-6890-46DD-84C3-29260CA0FD21}.Debug|Any CPU.ActiveCfg = Debug|Any CPU
		{EFEA9D53-6890-46DD-84C3-29260CA0FD21}.Debug|Any CPU.Build.0 = Debug|Any CPU
		{EFEA9D53-6890-46DD-84C3-29260CA0FD21}.Release|Any CPU.ActiveCfg = Release|Any CPU
		{EFEA9D53-6890-46DD-84C3-29260CA0FD21}.Release|Any CPU.Build.0 = Release|Any CPU
		{3166DA4A-A421-4DC6-BB12-38E5FF0995A8}.Debug|Any CPU.ActiveCfg = Debug|Any CPU
		{3166DA4A-A421-4DC6-BB12-38E5FF0995A8}.Debug|Any CPU.Build.0 = Debug|Any CPU
		{3166DA4A-A421-4DC6-BB12-38E5FF0995A8}.Release|Any CPU.ActiveCfg = Release|Any CPU
		{3166DA4A-A421-4DC6-BB12-38E5FF0995A8}.Release|Any CPU.Build.0 = Release|Any CPU
		{81F385D1-DDA3-439E-9E6F-34F7C13B712C}.Debug|Any CPU.ActiveCfg = Debug|Any CPU
		{81F385D1-DDA3-439E-9E6F-34F7C13B712C}.Debug|Any CPU.Build.0 = Debug|Any CPU
		{81F385D1-DDA3-439E-9E6F-34F7C13B712C}.Debug|Any CPU.Deploy.0 = Debug|Any CPU
		{81F385D1-DDA3-439E-9E6F-34F7C13B712C}.Release|Any CPU.ActiveCfg = Release|Any CPU
		{81F385D1-DDA3-439E-9E6F-34F7C13B712C}.Release|Any CPU.Build.0 = Release|Any CPU
		{81F385D1-DDA3-439E-9E6F-34F7C13B712C}.Release|Any CPU.Deploy.0 = Release|Any CPU
		{A60BAE7B-AD83-42B4-AF3F-E69473917663}.Debug|Any CPU.ActiveCfg = Debug|Any CPU
		{A60BAE7B-AD83-42B4-AF3F-E69473917663}.Debug|Any CPU.Build.0 = Debug|Any CPU
		{A60BAE7B-AD83-42B4-AF3F-E69473917663}.Debug|Any CPU.Deploy.0 = Debug|Any CPU
		{A60BAE7B-AD83-42B4-AF3F-E69473917663}.Release|Any CPU.ActiveCfg = Release|Any CPU
		{A60BAE7B-AD83-42B4-AF3F-E69473917663}.Release|Any CPU.Build.0 = Release|Any CPU
		{A60BAE7B-AD83-42B4-AF3F-E69473917663}.Release|Any CPU.Deploy.0 = Release|Any CPU
		{0EE77886-26E8-4803-A4F4-A9F8AE6612B6}.Debug|Any CPU.ActiveCfg = Debug|Any CPU
		{0EE77886-26E8-4803-A4F4-A9F8AE6612B6}.Debug|Any CPU.Build.0 = Debug|Any CPU
		{0EE77886-26E8-4803-A4F4-A9F8AE6612B6}.Release|Any CPU.ActiveCfg = Release|Any CPU
		{0EE77886-26E8-4803-A4F4-A9F8AE6612B6}.Release|Any CPU.Build.0 = Release|Any CPU
		{D37B18C3-93A6-43BC-9F3E-114311E48023}.Debug|Any CPU.ActiveCfg = Debug|Any CPU
		{D37B18C3-93A6-43BC-9F3E-114311E48023}.Debug|Any CPU.Build.0 = Debug|Any CPU
		{D37B18C3-93A6-43BC-9F3E-114311E48023}.Release|Any CPU.ActiveCfg = Release|Any CPU
		{D37B18C3-93A6-43BC-9F3E-114311E48023}.Release|Any CPU.Build.0 = Release|Any CPU
		{DB357D4B-5714-423D-BB7F-99BA6A32F63F}.Debug|Any CPU.ActiveCfg = Debug|Any CPU
		{DB357D4B-5714-423D-BB7F-99BA6A32F63F}.Debug|Any CPU.Build.0 = Debug|Any CPU
		{DB357D4B-5714-423D-BB7F-99BA6A32F63F}.Release|Any CPU.ActiveCfg = Release|Any CPU
		{DB357D4B-5714-423D-BB7F-99BA6A32F63F}.Release|Any CPU.Build.0 = Release|Any CPU
		{59AB8ADA-60C8-45A0-9E0B-367FBED171BC}.Debug|Any CPU.ActiveCfg = Debug|Any CPU
		{59AB8ADA-60C8-45A0-9E0B-367FBED171BC}.Debug|Any CPU.Build.0 = Debug|Any CPU
		{59AB8ADA-60C8-45A0-9E0B-367FBED171BC}.Release|Any CPU.ActiveCfg = Release|Any CPU
		{59AB8ADA-60C8-45A0-9E0B-367FBED171BC}.Release|Any CPU.Build.0 = Release|Any CPU
		{1769DE31-8DB6-4C79-93E2-C4FBC5A9020D}.Debug|Any CPU.ActiveCfg = Debug|Any CPU
		{1769DE31-8DB6-4C79-93E2-C4FBC5A9020D}.Debug|Any CPU.Build.0 = Debug|Any CPU
		{1769DE31-8DB6-4C79-93E2-C4FBC5A9020D}.Release|Any CPU.ActiveCfg = Release|Any CPU
		{1769DE31-8DB6-4C79-93E2-C4FBC5A9020D}.Release|Any CPU.Build.0 = Release|Any CPU
		{4B9DCAAA-E057-408A-9B28-056A443C04BA}.Debug|Any CPU.ActiveCfg = Debug|Any CPU
		{4B9DCAAA-E057-408A-9B28-056A443C04BA}.Debug|Any CPU.Build.0 = Debug|Any CPU
		{4B9DCAAA-E057-408A-9B28-056A443C04BA}.Release|Any CPU.ActiveCfg = Release|Any CPU
		{4B9DCAAA-E057-408A-9B28-056A443C04BA}.Release|Any CPU.Build.0 = Release|Any CPU
		{761EB591-6B3A-4907-9A1C-EF5F6102B1D5}.Debug|Any CPU.ActiveCfg = Debug|Any CPU
		{761EB591-6B3A-4907-9A1C-EF5F6102B1D5}.Debug|Any CPU.Build.0 = Debug|Any CPU
		{761EB591-6B3A-4907-9A1C-EF5F6102B1D5}.Release|Any CPU.ActiveCfg = Release|Any CPU
		{761EB591-6B3A-4907-9A1C-EF5F6102B1D5}.Release|Any CPU.Build.0 = Release|Any CPU
		{4BEA4B42-5653-4BA5-A329-16BA75BFEDE1}.Debug|Any CPU.ActiveCfg = Debug|Any CPU
		{4BEA4B42-5653-4BA5-A329-16BA75BFEDE1}.Debug|Any CPU.Build.0 = Debug|Any CPU
		{4BEA4B42-5653-4BA5-A329-16BA75BFEDE1}.Release|Any CPU.ActiveCfg = Release|Any CPU
		{4BEA4B42-5653-4BA5-A329-16BA75BFEDE1}.Release|Any CPU.Build.0 = Release|Any CPU
		{11E51913-A400-401E-899A-282CC6C5629D}.Debug|Any CPU.ActiveCfg = Debug|Any CPU
		{11E51913-A400-401E-899A-282CC6C5629D}.Debug|Any CPU.Build.0 = Debug|Any CPU
		{11E51913-A400-401E-899A-282CC6C5629D}.Release|Any CPU.ActiveCfg = Release|Any CPU
		{11E51913-A400-401E-899A-282CC6C5629D}.Release|Any CPU.Build.0 = Release|Any CPU
		{6CA7325D-BDE1-4549-A387-AB065C22D1D4}.Debug|Any CPU.ActiveCfg = Debug|Any CPU
		{6CA7325D-BDE1-4549-A387-AB065C22D1D4}.Debug|Any CPU.Build.0 = Debug|Any CPU
		{6CA7325D-BDE1-4549-A387-AB065C22D1D4}.Release|Any CPU.ActiveCfg = Release|Any CPU
		{6CA7325D-BDE1-4549-A387-AB065C22D1D4}.Release|Any CPU.Build.0 = Release|Any CPU
		{9E8E484B-ED53-420C-8576-D2EBC9FF80AC}.Debug|Any CPU.ActiveCfg = Debug|Any CPU
		{9E8E484B-ED53-420C-8576-D2EBC9FF80AC}.Debug|Any CPU.Build.0 = Debug|Any CPU
		{9E8E484B-ED53-420C-8576-D2EBC9FF80AC}.Release|Any CPU.ActiveCfg = Release|Any CPU
		{9E8E484B-ED53-420C-8576-D2EBC9FF80AC}.Release|Any CPU.Build.0 = Release|Any CPU
		{0DB346E2-C4F9-49AD-A9F8-3AC140D3599B}.Debug|Any CPU.ActiveCfg = Debug|Any CPU
		{0DB346E2-C4F9-49AD-A9F8-3AC140D3599B}.Debug|Any CPU.Build.0 = Debug|Any CPU
		{0DB346E2-C4F9-49AD-A9F8-3AC140D3599B}.Release|Any CPU.ActiveCfg = Release|Any CPU
		{0DB346E2-C4F9-49AD-A9F8-3AC140D3599B}.Release|Any CPU.Build.0 = Release|Any CPU
		{8E0E1778-039B-474A-A5B0-867B16FBB095}.Debug|Any CPU.ActiveCfg = Debug|Any CPU
		{8E0E1778-039B-474A-A5B0-867B16FBB095}.Debug|Any CPU.Build.0 = Debug|Any CPU
		{8E0E1778-039B-474A-A5B0-867B16FBB095}.Release|Any CPU.ActiveCfg = Release|Any CPU
		{8E0E1778-039B-474A-A5B0-867B16FBB095}.Release|Any CPU.Build.0 = Release|Any CPU
		{87CF4D46-0DAB-488E-B56D-0F30A92CEF65}.Debug|Any CPU.ActiveCfg = Debug|Any CPU
		{87CF4D46-0DAB-488E-B56D-0F30A92CEF65}.Debug|Any CPU.Build.0 = Debug|Any CPU
		{87CF4D46-0DAB-488E-B56D-0F30A92CEF65}.Release|Any CPU.ActiveCfg = Release|Any CPU
		{87CF4D46-0DAB-488E-B56D-0F30A92CEF65}.Release|Any CPU.Build.0 = Release|Any CPU
		{925F47F1-98CD-42E1-93D1-7E4B2DD1251D}.Debug|Any CPU.ActiveCfg = Debug|Any CPU
		{925F47F1-98CD-42E1-93D1-7E4B2DD1251D}.Debug|Any CPU.Build.0 = Debug|Any CPU
		{925F47F1-98CD-42E1-93D1-7E4B2DD1251D}.Release|Any CPU.ActiveCfg = Release|Any CPU
		{925F47F1-98CD-42E1-93D1-7E4B2DD1251D}.Release|Any CPU.Build.0 = Release|Any CPU
		{04ABC49D-F06E-426F-B18F-61CEE366FBF1}.Debug|Any CPU.ActiveCfg = Debug|Any CPU
		{04ABC49D-F06E-426F-B18F-61CEE366FBF1}.Debug|Any CPU.Build.0 = Debug|Any CPU
		{04ABC49D-F06E-426F-B18F-61CEE366FBF1}.Release|Any CPU.ActiveCfg = Release|Any CPU
		{04ABC49D-F06E-426F-B18F-61CEE366FBF1}.Release|Any CPU.Build.0 = Release|Any CPU
		{D66EDA0B-1C6A-4667-8506-46951DDEDE0F}.Debug|Any CPU.ActiveCfg = Debug|Any CPU
		{D66EDA0B-1C6A-4667-8506-46951DDEDE0F}.Debug|Any CPU.Build.0 = Debug|Any CPU
		{D66EDA0B-1C6A-4667-8506-46951DDEDE0F}.Release|Any CPU.ActiveCfg = Release|Any CPU
		{D66EDA0B-1C6A-4667-8506-46951DDEDE0F}.Release|Any CPU.Build.0 = Release|Any CPU
		{D0C08BD6-A8FE-4FA4-869E-D0AEE10CEAC2}.Debug|Any CPU.ActiveCfg = Debug|Any CPU
		{D0C08BD6-A8FE-4FA4-869E-D0AEE10CEAC2}.Debug|Any CPU.Build.0 = Debug|Any CPU
		{D0C08BD6-A8FE-4FA4-869E-D0AEE10CEAC2}.Release|Any CPU.ActiveCfg = Release|Any CPU
		{D0C08BD6-A8FE-4FA4-869E-D0AEE10CEAC2}.Release|Any CPU.Build.0 = Release|Any CPU
	EndGlobalSection
	GlobalSection(SolutionProperties) = preSolution
		HideSolutionNode = FALSE
	EndGlobalSection
	GlobalSection(NestedProjects) = preSolution
		{6EADB1F3-55B8-459C-851C-981F0DED7E2E} = {5535F269-D35D-4A2D-B74A-5F42F9F9B911}
		{6BE0AE15-70C1-4A78-90C2-3739E389E33A} = {D3E8323E-EE27-4B83-8D44-1E85A30CC155}
		{0EA20340-DDBF-402B-B1B1-CAF5B014AA09} = {D3E8323E-EE27-4B83-8D44-1E85A30CC155}
		{A9F8A0FF-FBE3-448E-B823-960B6BAFE3E3} = {A308D643-D218-4F98-A0D7-0C8B37775ABA}
		{1D8F535A-A950-4BDF-A012-BCEC7AED5ABA} = {A308D643-D218-4F98-A0D7-0C8B37775ABA}
		{398C2F37-EB14-45CE-B910-BBAEE165F64C} = {A308D643-D218-4F98-A0D7-0C8B37775ABA}
		{927AFC88-B4F4-4F19-8603-11AF06C80B0D} = {A308D643-D218-4F98-A0D7-0C8B37775ABA}
		{EFEA9D53-6890-46DD-84C3-29260CA0FD21} = {CDFA90BD-DBD3-41FB-8377-82BB51E9BAC1}
		{3166DA4A-A421-4DC6-BB12-38E5FF0995A8} = {CDFA90BD-DBD3-41FB-8377-82BB51E9BAC1}
		{81F385D1-DDA3-439E-9E6F-34F7C13B712C} = {B73BE021-D472-4738-931F-5B480765E0C2}
		{A60BAE7B-AD83-42B4-AF3F-E69473917663} = {B73BE021-D472-4738-931F-5B480765E0C2}
		{0EE77886-26E8-4803-A4F4-A9F8AE6612B6} = {F6325EBD-C5ED-4861-A7CE-35A269352AA5}
		{D37B18C3-93A6-43BC-9F3E-114311E48023} = {F6325EBD-C5ED-4861-A7CE-35A269352AA5}
		{DB357D4B-5714-423D-BB7F-99BA6A32F63F} = {D3EAF098-0AAB-47B8-BDF6-4829FB48338C}
		{59AB8ADA-60C8-45A0-9E0B-367FBED171BC} = {D3EAF098-0AAB-47B8-BDF6-4829FB48338C}
		{1769DE31-8DB6-4C79-93E2-C4FBC5A9020D} = {D3EAF098-0AAB-47B8-BDF6-4829FB48338C}
		{4B9DCAAA-E057-408A-9B28-056A443C04BA} = {D3EAF098-0AAB-47B8-BDF6-4829FB48338C}
		{761EB591-6B3A-4907-9A1C-EF5F6102B1D5} = {DACEE882-5CF7-4A11-8CBE-4A463DE9535B}
		{4BEA4B42-5653-4BA5-A329-16BA75BFEDE1} = {DACEE882-5CF7-4A11-8CBE-4A463DE9535B}
		{11E51913-A400-401E-899A-282CC6C5629D} = {DACEE882-5CF7-4A11-8CBE-4A463DE9535B}
		{6CA7325D-BDE1-4549-A387-AB065C22D1D4} = {DACEE882-5CF7-4A11-8CBE-4A463DE9535B}
		{9E8E484B-ED53-420C-8576-D2EBC9FF80AC} = {A018B612-FAA4-4D86-9856-C5FB2D15B36D}
		{0DB346E2-C4F9-49AD-A9F8-3AC140D3599B} = {A018B612-FAA4-4D86-9856-C5FB2D15B36D}
		{8E0E1778-039B-474A-A5B0-867B16FBB095} = {A018B612-FAA4-4D86-9856-C5FB2D15B36D}
		{87CF4D46-0DAB-488E-B56D-0F30A92CEF65} = {A018B612-FAA4-4D86-9856-C5FB2D15B36D}
		{1B4A87F1-1688-416D-BD98-D44AA3489D9C} = {98B6EAE5-6954-4526-BEBB-FCEF47889035}
		{88F6275D-6887-463B-8CF5-8A42DB03CCD2} = {98B6EAE5-6954-4526-BEBB-FCEF47889035}
		{925F47F1-98CD-42E1-93D1-7E4B2DD1251D} = {88F6275D-6887-463B-8CF5-8A42DB03CCD2}
		{04ABC49D-F06E-426F-B18F-61CEE366FBF1} = {88F6275D-6887-463B-8CF5-8A42DB03CCD2}
		{D66EDA0B-1C6A-4667-8506-46951DDEDE0F} = {88F6275D-6887-463B-8CF5-8A42DB03CCD2}
		{D0C08BD6-A8FE-4FA4-869E-D0AEE10CEAC2} = {88F6275D-6887-463B-8CF5-8A42DB03CCD2}
	EndGlobalSection
	GlobalSection(ExtensibilityGlobals) = postSolution
		SolutionGuid = {CA64C116-194D-4CBA-9D3E-375675F10E0D}
	EndGlobalSection
EndGlobal
